<?xml version="1.0" encoding="utf-8"?>
<Project ToolsVersion="4.0" xmlns="http://schemas.microsoft.com/developer/msbuild/2003">
  <ItemGroup>
    <Filter Include="Source Files">
      <UniqueIdentifier>{4FC737F1-C7A5-4376-A066-2A32D752A2FF}</UniqueIdentifier>
      <Extensions>cpp;c;cc;cxx;def;odl;idl;hpj;bat;asm;asmx</Extensions>
    </Filter>
    <Filter Include="Header Files">
      <UniqueIdentifier>{93995380-89BD-4b04-88EB-625FBE52EBFB}</UniqueIdentifier>
      <Extensions>h;hpp;hxx;hm;inl;inc;xsd</Extensions>
    </Filter>
    <Filter Include="SAuxiliaries">
      <UniqueIdentifier>{b8fa28de-eb4c-4a40-801d-463567a1d248}</UniqueIdentifier>
    </Filter>
    <Filter Include="SCell">
      <UniqueIdentifier>{7da46849-5cb3-44ed-9f90-b554fe36f314}</UniqueIdentifier>
    </Filter>
    <Filter Include="SGrid">
      <UniqueIdentifier>{08d0edca-ea7c-49f8-8b6a-8b7afaaee66d}</UniqueIdentifier>
    </Filter>
    <Filter Include="SHolders">
      <UniqueIdentifier>{c05bb49e-a26f-4dc3-8aa7-180ce823254a}</UniqueIdentifier>
    </Filter>
    <Filter Include="SRegion">
      <UniqueIdentifier>{a139266f-5b3b-45a6-9f57-4f94279676ee}</UniqueIdentifier>
    </Filter>
    <Filter Include="SVisitors">
      <UniqueIdentifier>{a92fa1fc-a7d2-485b-9259-cf9714fa9dbf}</UniqueIdentifier>
    </Filter>
  </ItemGroup>
  <ItemGroup>
    <ClInclude Include="stdafx.h">
      <Filter>Header Files</Filter>
    </ClInclude>
    <ClInclude Include="targetver.h">
      <Filter>Header Files</Filter>
    </ClInclude>
    <ClInclude Include="SudokuSolver.h">
      <Filter>Header Files</Filter>
    </ClInclude>
    <ClInclude Include="Cell.h">
      <Filter>SCell</Filter>
    </ClInclude>
    <ClInclude Include="Region.h">
      <Filter>SRegion</Filter>
    </ClInclude>
    <ClInclude Include="Grid.h">
      <Filter>SGrid</Filter>
    </ClInclude>
    <ClInclude Include="TripleHolder.h">
      <Filter>SHolders</Filter>
    </ClInclude>
    <ClInclude Include="RowHolder.h">
      <Filter>SHolders</Filter>
    </ClInclude>
    <ClInclude Include="ColumnHolder.h">
      <Filter>SHolders</Filter>
    </ClInclude>
    <ClInclude Include="RegionHolder.h">
      <Filter>SHolders</Filter>
    </ClInclude>
    <ClInclude Include="LastCellFinder.h">
      <Filter>SAuxiliaries</Filter>
    </ClInclude>
    <ClInclude Include="IVisitor.h">
      <Filter>SVisitors</Filter>
    </ClInclude>
  </ItemGroup>
  <ItemGroup>
    <ClCompile Include="stdafx.cpp">
      <Filter>Source Files</Filter>
    </ClCompile>
    <ClCompile Include="SudokuSolver.cpp">
      <Filter>Source Files</Filter>
    </ClCompile>
    <ClCompile Include="dllmain.cpp">
      <Filter>Source Files</Filter>
    </ClCompile>
    <ClCompile Include="Cell.cpp">
      <Filter>SCell</Filter>
    </ClCompile>
    <ClCompile Include="Region.cpp">
      <Filter>SRegion</Filter>
    </ClCompile>
    <ClCompile Include="Grid.cpp">
      <Filter>SGrid</Filter>
    </ClCompile>
    <ClCompile Include="TripleHolder.cpp">
      <Filter>SHolders</Filter>
    </ClCompile>
    <ClCompile Include="RowHolder.cpp">
      <Filter>SHolders</Filter>
    </ClCompile>
    <ClCompile Include="ColumnHolder.cpp">
      <Filter>SHolders</Filter>
    </ClCompile>
    <ClCompile Include="RegionHolder.cpp">
      <Filter>SHolders</Filter>
    </ClCompile>
    <ClCompile Include="LastCellFinder.cpp">
      <Filter>SAuxiliaries</Filter>
    </ClCompile>
    <ClCompile Include="IVisitor.cpp">
      <Filter>SVisitors</Filter>
    </ClCompile>
  </ItemGroup>
</Project>